
Microsoft Visual Studio Solution File, Format Version 12.00
# Visual Studio Version 17
VisualStudioVersion = 17.11.35312.102
MinimumVisualStudioVersion = 10.0.40219.1
Project("{FAE04EC0-301F-11D3-BF4B-00C04F79EFBC}") = "CodingAssignment", "CodingAssignment.csproj", "{49EA834C-B999-455C-A638-6DEFAF44C1C5}"
EndProject
Global
	GlobalSection(SolutionConfigurationPlatforms) = preSolution
		Debug|Any CPU = Debug|Any CPU
		Release|Any CPU = Release|Any CPU
	EndGlobalSection
	GlobalSection(ProjectConfigurationPlatforms) = postSolution
		{49EA834C-B999-455C-A638-6DEFAF44C1C5}.Debug|Any CPU.ActiveCfg = Debug|Any CPU
		{49EA834C-B999-455C-A638-6DEFAF44C1C5}.Debug|Any CPU.Build.0 = Debug|Any CPU
		{49EA834C-B999-455C-A638-6DEFAF44C1C5}.Release|Any CPU.ActiveCfg = Release|Any CPU
		{49EA834C-B999-455C-A638-6DEFAF44C1C5}.Release|Any CPU.Build.0 = Release|Any CPU
	EndGlobalSection
	GlobalSection(SolutionProperties) = preSolution
		HideSolutionNode = FALSE
	EndGlobalSection
	GlobalSection(ExtensibilityGlobals) = postSolution
		SolutionGuid = {8B034CA6-E8B3-408A-A2A6-DF83EDAB28C0}
	EndGlobalSection
EndGlobal
